# THIS IS AN AUTOGENERATED FILE. DO NOT EDIT THIS FILE DIRECTLY.
# yarn lockfile v1


"@types/geojson@*":
  version "7946.0.7"
  resolved "https://registry.yarnpkg.com/@types/geojson/-/geojson-7946.0.7.tgz#c8fa532b60a0042219cdf173ca21a975ef0666ad"
  integrity sha512-wE2v81i4C4Ol09RtsWFAqg3BUitWbHSpSlIo+bNdsCJijO9sjme+zm+73ZMCa/qMC8UEERxzGbvmr1cffo2SiQ==

"@types/leaflet@^1.7.1":
  version "1.7.1"
  resolved "https://registry.yarnpkg.com/@types/leaflet/-/leaflet-1.7.1.tgz#6128b27ee3ec9eb2d130705044ed2a5e8291c709"
  integrity sha512-Wi51IivrMUsBkcAc2spSnFnlJ6oMpAXC/bCUd/Jtzy/sww1A8xtsmLYj6vxnc2kgC53PyC2g4gduWv3esNxWig==
  dependencies:
    "@types/geojson" "*"
